// !$*UTF8*$!
{
	archiveVersion = 1;
	classes = {
	};
	objectVersion = 46;
	objects = {

/* Begin PBXBuildFile section */
		699E471215F1E93C0007D882 /* UIKit.framework in Frameworks */ = {isa = PBXBuildFile; fileRef = 699E471115F1E93C0007D882 /* UIKit.framework */; };
		699E471415F1E93C0007D882 /* Foundation.framework in Frameworks */ = {isa = PBXBuildFile; fileRef = 699E471315F1E93C0007D882 /* Foundation.framework */; };
		699E471615F1E93C0007D882 /* CoreGraphics.framework in Frameworks */ = {isa = PBXBuildFile; fileRef = 699E471515F1E93C0007D882 /* CoreGraphics.framework */; };
		699E471C15F1E93C0007D882 /* InfoPlist.strings in Resources */ = {isa = PBXBuildFile; fileRef = 699E471A15F1E93C0007D882 /* InfoPlist.strings */; };
		699E471E15F1E93C0007D882 /* main.m in Sources */ = {isa = PBXBuildFile; fileRef = 699E471D15F1E93C0007D882 /* main.m */; };
		699E472215F1E93C0007D882 /* AppDelegate.m in Sources */ = {isa = PBXBuildFile; fileRef = 699E472115F1E93C0007D882 /* AppDelegate.m */; };
		699E472515F1E93C0007D882 /* MainStoryboard.storyboard in Resources */ = {isa = PBXBuildFile; fileRef = 699E472315F1E93C0007D882 /* MainStoryboard.storyboard */; };
		699E472815F1E93C0007D882 /* ViewController.m in Sources */ = {isa = PBXBuildFile; fileRef = 699E472715F1E93C0007D882 /* ViewController.m */; };
/* End PBXBuildFile section */

/* Begin PBXFileReference section */
		699E470D15F1E93C0007D882 /* ReadSpeedUp.app */ = {isa = PBXFileReference; explicitFileType = wrapper.application; includeInIndex = 0; path = ReadSpeedUp.app; sourceTree = BUILT_PRODUCTS_DIR; };
		699E471115F1E93C0007D882 /* UIKit.framework */ = {isa = PBXFileReference; lastKnownFileType = wrapper.framework; name = UIKit.framework; path = System/Library/Frameworks/UIKit.framework; sourceTree = SDKROOT; };
		699E471315F1E93C0007D882 /* Foundation.framework */ = {isa = PBXFileReference; lastKnownFileType = wrapper.framework; name = Foundation.framework; path = System/Library/Frameworks/Foundation.framework; sourceTree = SDKROOT; };
		699E471515F1E93C0007D882 /* CoreGraphics.framework */ = {isa = PBXFileReference; lastKnownFileType = wrapper.framework; name = CoreGraphics.framework; path = System/Library/Frameworks/CoreGraphics.framework; sourceTree = SDKROOT; };
		699E471915F1E93C0007D882 /* ReadSpeedUp-Info.plist */ = {isa = PBXFileReference; lastKnownFileType = text.plist.xml; path = "ReadSpeedUp-Info.plist"; sourceTree = "<group>"; };
		699E471B15F1E93C0007D882 /* en */ = {isa = PBXFileReference; lastKnownFileType = text.plist.strings; name = en; path = en.lproj/InfoPlist.strings; sourceTree = "<group>"; };
		699E471D15F1E93C0007D882 /* main.m */ = {isa = PBXFileReference; lastKnownFileType = sourcecode.c.objc; path = main.m; sourceTree = "<group>"; };
		699E471F15F1E93C0007D882 /* ReadSpeedUp-Prefix.pch */ = {isa = PBXFileReference; lastKnownFileType = sourcecode.c.h; path = "ReadSpeedUp-Prefix.pch"; sourceTree = "<group>"; };
		699E472015F1E93C0007D882 /* AppDelegate.h */ = {isa = PBXFileReference; lastKnownFileType = sourcecode.c.h; path = AppDelegate.h; sourceTree = "<group>"; };
		699E472115F1E93C0007D882 /* AppDelegate.m */ = {isa = PBXFileReference; lastKnownFileType = sourcecode.c.objc; path = AppDelegate.m; sourceTree = "<group>"; };
		699E472415F1E93C0007D882 /* en */ = {isa = PBXFileReference; lastKnownFileType = file.storyboard; name = en; path = en.lproj/MainStoryboard.storyboard; sourceTree = "<group>"; };
		699E472615F1E93C0007D882 /* ViewController.h */ = {isa = PBXFileReference; lastKnownFileType = sourcecode.c.h; path = ViewController.h; sourceTree = "<group>"; };
		699E472715F1E93C0007D882 /* ViewController.m */ = {isa = PBXFileReference; lastKnownFileType = sourcecode.c.objc; path = ViewController.m; sourceTree = "<group>"; };
/* End PBXFileReference section */

/* Begin PBXFrameworksBuildPhase section */
		699E470A15F1E93C0007D882 /* Frameworks */ = {
			isa = PBXFrameworksBuildPhase;
			buildActionMask = 2147483647;
			files = (
				699E471215F1E93C0007D882 /* UIKit.framework in Frameworks */,
				699E471415F1E93C0007D882 /* Foundation.framework in Frameworks */,
				699E471615F1E93C0007D882 /* CoreGraphics.framework in Frameworks */,
			);
			runOnlyForDeploymentPostprocessing = 0;
		};
/* End PBXFrameworksBuildPhase section */

/* Begin PBXGroup section */
		699E470215F1E93C0007D882 = {
			isa = PBXGroup;
			children = (
				699E471715F1E93C0007D882 /* ReadSpeedUp */,
				699E471015F1E93C0007D882 /* Frameworks */,
				699E470E15F1E93C0007D882 /* Products */,
			);
			sourceTree = "<group>";
		};
		699E470E15F1E93C0007D882 /* Products */ = {
			isa = PBXGroup;
			children = (
				699E470D15F1E93C0007D882 /* ReadSpeedUp.app */,
			);
			name = Products;
			sourceTree = "<group>";
		};
		699E471015F1E93C0007D882 /* Frameworks */ = {
			isa = PBXGroup;
			children = (
				699E471115F1E93C0007D882 /* UIKit.framework */,
				699E471315F1E93C0007D882 /* Foundation.framework */,
				699E471515F1E93C0007D882 /* CoreGraphics.framework */,
			);
			name = Frameworks;
			sourceTree = "<group>";
		};
		699E471715F1E93C0007D882 /* ReadSpeedUp */ = {
			isa = PBXGroup;
			children = (
				699E472015F1E93C0007D882 /* AppDelegate.h */,
				699E472115F1E93C0007D882 /* AppDelegate.m */,
				699E472315F1E93C0007D882 /* MainStoryboard.storyboard */,
				699E472615F1E93C0007D882 /* ViewController.h */,
				699E472715F1E93C0007D882 /* ViewController.m */,
				699E471815F1E93C0007D882 /* Supporting Files */,
			);
			path = ReadSpeedUp;
			sourceTree = "<group>";
		};
		699E471815F1E93C0007D882 /* Supporting Files */ = {
			isa = PBXGroup;
			children = (
				699E471915F1E93C0007D882 /* ReadSpeedUp-Info.plist */,
				699E471A15F1E93C0007D882 /* InfoPlist.strings */,
				699E471D15F1E93C0007D882 /* main.m */,
				699E471F15F1E93C0007D882 /* ReadSpeedUp-Prefix.pch */,
			);
			name = "Supporting Files";
			sourceTree = "<group>";
		};
/* End PBXGroup section */

/* Begin PBXNativeTarget section */
		699E470C15F1E93C0007D882 /* ReadSpeedUp */ = {
			isa = PBXNativeTarget;
			buildConfigurationList = 699E472B15F1E93C0007D882 /* Build configuration list for PBXNativeTarget "ReadSpeedUp" */;
			buildPhases = (
				699E470915F1E93C0007D882 /* Sources */,
				699E470A15F1E93C0007D882 /* Frameworks */,
				699E470B15F1E93C0007D882 /* Resources */,
			);
			buildRules = (
			);
			dependencies = (
			);
			name = ReadSpeedUp;
			productName = ReadSpeedUp;
			productReference = 699E470D15F1E93C0007D882 /* ReadSpeedUp.app */;
			productType = "com.apple.product-type.application";
		};
/* End PBXNativeTarget section */

/* Begin PBXProject section */
		699E470415F1E93C0007D882 /* Project object */ = {
			isa = PBXProject;
			attributes = {
				LastUpgradeCheck = 0440;
				ORGANIZATIONNAME = "zhu-home";
			};
			buildConfigurationList = 699E470715F1E93C0007D882 /* Build configuration list for PBXProject "ReadSpeedUp" */;
			compatibilityVersion = "Xcode 3.2";
			developmentRegion = English;
			hasScannedForEncodings = 0;
			knownRegions = (
				en,
			);
			mainGroup = 699E470215F1E93C0007D882;
			productRefGroup = 699E470E15F1E93C0007D882 /* Products */;
			projectDirPath = "";
			projectRoot = "";
			targets = (
				699E470C15F1E93C0007D882 /* ReadSpeedUp */,
			);
		};
/* End PBXProject section */

/* Begin PBXResourcesBuildPhase section */
		699E470B15F1E93C0007D882 /* Resources */ = {
			isa = PBXResourcesBuildPhase;
			buildActionMask = 2147483647;
			files = (
				699E471C15F1E93C0007D882 /* InfoPlist.strings in Resources */,
				699E472515F1E93C0007D882 /* MainStoryboard.storyboard in Resources */,
			);
			runOnlyForDeploymentPostprocessing = 0;
		};
/* End PBXResourcesBuildPhase section */

/* Begin PBXSourcesBuildPhase section */
		699E470915F1E93C0007D882 /* Sources */ = {
			isa = PBXSourcesBuildPhase;
			buildActionMask = 2147483647;
			files = (
				699E471E15F1E93C0007D882 /* main.m in Sources */,
				699E472215F1E93C0007D882 /* AppDelegate.m in Sources */,
				699E472815F1E93C0007D882 /* ViewController.m in Sources */,
			);
			runOnlyForDeploymentPostprocessing = 0;
		};
/* End PBXSourcesBuildPhase section */

/* Begin PBXVariantGroup section */
		699E471A15F1E93C0007D882 /* InfoPlist.strings */ = {
			isa = PBXVariantGroup;
			children = (
				699E471B15F1E93C0007D882 /* en */,
			);
			name = InfoPlist.strings;
			sourceTree = "<group>";
		};
		699E472315F1E93C0007D882 /* MainStoryboard.storyboard */ = {
			isa = PBXVariantGroup;
			children = (
				699E472415F1E93C0007D882 /* en */,
			);
			name = MainStoryboard.storyboard;
			sourceTree = "<group>";
		};
/* End PBXVariantGroup section */

/* Begin XCBuildConfiguration section */
		699E472915F1E93C0007D882 /* Debug */ = {
			isa = XCBuildConfiguration;
			buildSettings = {
				ALWAYS_SEARCH_USER_PATHS = NO;
				ARCHS = "$(ARCHS_STANDARD_32_BIT)";
				CLANG_CXX_LANGUAGE_STANDARD = "gnu++0x";
				CLANG_ENABLE_OBJC_ARC = YES;
				CLANG_WARN__DUPLICATE_METHOD_MATCH = YES;
				"CODE_SIGN_IDENTITY[sdk=iphoneos*]" = "iPhone Developer";
				COPY_PHASE_STRIP = NO;
				GCC_C_LANGUAGE_STANDARD = gnu99;
				GCC_DYNAMIC_NO_PIC = NO;
				GCC_OPTIMIZATION_LEVEL = 0;
				GCC_PREPROCESSOR_DEFINITIONS = (
					"DEBUG=1",
					"$(inherited)",
				);
				GCC_SYMBOLS_PRIVATE_EXTERN = NO;
				GCC_VERSION = com.apple.compilers.llvm.clang.1_0;
				GCC_WARN_ABOUT_RETURN_TYPE = YES;
				GCC_WARN_UNINITIALIZED_AUTOS = YES;
				GCC_WARN_UNUSED_VARIABLE = YES;
				IPHONEOS_DEPLOYMENT_TARGET = 5.1;
				SDKROOT = iphoneos;
			};
			name = Debug;
		};
		699E472A15F1E93C0007D882 /* Release */ = {
			isa = XCBuildConfiguration;
			buildSettings = {
				ALWAYS_SEARCH_USER_PATHS = NO;
				ARCHS = "$(ARCHS_STANDARD_32_BIT)";
				CLANG_CXX_LANGUAGE_STANDARD = "gnu++0x";
				CLANG_ENABLE_OBJC_ARC = YES;
				CLANG_WARN__DUPLICATE_METHOD_MATCH = YES;
				"CODE_SIGN_IDENTITY[sdk=iphoneos*]" = "iPhone Developer";
				COPY_PHASE_STRIP = YES;
				GCC_C_LANGUAGE_STANDARD = gnu99;
				GCC_VERSION = com.apple.compilers.llvm.clang.1_0;
				GCC_WARN_ABOUT_RETURN_TYPE = YES;
				GCC_WARN_UNINITIALIZED_AUTOS = YES;
				GCC_WARN_UNUSED_VARIABLE = YES;
				IPHONEOS_DEPLOYMENT_TARGET = 5.1;
				OTHER_CFLAGS = "-DNS_BLOCK_ASSERTIONS=1";
				SDKROOT = iphoneos;
				VALIDATE_PRODUCT = YES;
			};
			name = Release;
		};
		699E472C15F1E93C0007D882 /* Debug */ = {
			isa = XCBuildConfiguration;
			buildSettings = {
				GCC_PRECOMPILE_PREFIX_HEADER = YES;
				GCC_PREFIX_HEADER = "ReadSpeedUp/ReadSpeedUp-Prefix.pch";
				INFOPLIST_FILE = "ReadSpeedUp/ReadSpeedUp-Info.plist";
				PRODUCT_NAME = "$(TARGET_NAME)";
				WRAPPER_EXTENSION = app;
			};
			name = Debug;
		};
		699E472D15F1E93C0007D882 /* Release */ = {
			isa = XCBuildConfiguration;
			buildSettings = {
				GCC_PRECOMPILE_PREFIX_HEADER = YES;
				GCC_PREFIX_HEADER = "ReadSpeedUp/ReadSpeedUp-Prefix.pch";
				INFOPLIST_FILE = "ReadSpeedUp/ReadSpeedUp-Info.plist";
				PRODUCT_NAME = "$(TARGET_NAME)";
				WRAPPER_EXTENSION = app;
			};
			name = Release;
		};
/* End XCBuildConfiguration section */

/* Begin XCConfigurationList section */
		699E470715F1E93C0007D882 /* Build configuration list for PBXProject "ReadSpeedUp" */ = {
			isa = XCConfigurationList;
			buildConfigurations = (
				699E472915F1E93C0007D882 /* Debug */,
				699E472A15F1E93C0007D882 /* Release */,
			);
			defaultConfigurationIsVisible = 0;
			defaultConfigurationName = Release;
		};
		699E472B15F1E93C0007D882 /* Build configuration list for PBXNativeTarget "ReadSpeedUp" */ = {
			isa = XCConfigurationList;
			buildConfigurations = (
				699E472C15F1E93C0007D882 /* Debug */,
				699E472D15F1E93C0007D882 /* Release */,
			);
			defaultConfigurationIsVisible = 0;
		};
/* End XCConfigurationList section */
	};
	rootObject = 699E470415F1E93C0007D882 /* Project object */;
}
